
Microsoft Visual Studio Solution File, Format Version 12.00
# Visual Studio Version 17
VisualStudioVersion = 17.6.33815.320
MinimumVisualStudioVersion = 10.0.40219.1
Project("{FAE04EC0-301F-11D3-BF4B-00C04F79EFBC}") = "Exception_handling_", "Exception_handling_\Exception_handling_.csproj", "{D7010626-30D1-4A01-B272-3E5942648096}"
EndProject
Global
	GlobalSection(SolutionConfigurationPlatforms) = preSolution
		Debug|Any CPU = Debug|Any CPU
		Release|Any CPU = Release|Any CPU
	EndGlobalSection
	GlobalSection(ProjectConfigurationPlatforms) = postSolution
		{D7010626-30D1-4A01-B272-3E5942648096}.Debug|Any CPU.ActiveCfg = Debug|Any CPU
		{D7010626-30D1-4A01-B272-3E5942648096}.Debug|Any CPU.Build.0 = Debug|Any CPU
		{D7010626-30D1-4A01-B272-3E5942648096}.Release|Any CPU.ActiveCfg = Release|Any CPU
		{D7010626-30D1-4A01-B272-3E5942648096}.Release|Any CPU.Build.0 = Release|Any CPU
	EndGlobalSection
	GlobalSection(SolutionProperties) = preSolution
		HideSolutionNode = FALSE
	EndGlobalSection
	GlobalSection(ExtensibilityGlobals) = postSolution
		SolutionGuid = {B8C038C7-F4D5-4048-9CB7-DCAEFD4E5ED1}
	EndGlobalSection
EndGlobal
